dependencies:
- name: rabbitmq
  repository: https://kubernetes-charts.storage.googleapis.com/
  version: 5.7.0
- name: postgresql
  repository: https://kubernetes-charts.storage.googleapis.com/
  version: 3.7.1
- name: memcached
  repository: https://kubernetes-charts.storage.googleapis.com/
  version: 2.4.0
digest: sha256:6bc4343da59469dcaae1d05f0d70f91eb820e6bd6f2e60c27cf5628685fd7752
generated: "2019-11-20T08:56:46.611709+08:00"
